
Microsoft Visual Studio Solution File, Format Version 12.00
# Visual Studio Version 17
VisualStudioVersion = 17.10.35013.160
MinimumVisualStudioVersion = 10.0.40219.1
Project("{9A19103F-16F7-4668-BE54-9A1E7A4F7556}") = "HackerNewsApi", "HackersNewApi\HackerNewsApi.csproj", "{AA5A3DA4-7274-40E7-BEE9-5AC272070D9C}"
EndProject
Project("{FAE04EC0-301F-11D3-BF4B-00C04F79EFBC}") = "HackerNewsApiTest", "HackersNewApiTest\HackerNewsApiTest.csproj", "{B05FD955-8369-4644-8700-A14A345F37BC}"
EndProject
Global
	GlobalSection(SolutionConfigurationPlatforms) = preSolution
		Debug|Any CPU = Debug|Any CPU
		Release|Any CPU = Release|Any CPU
	EndGlobalSection
	GlobalSection(ProjectConfigurationPlatforms) = postSolution
		{AA5A3DA4-7274-40E7-BEE9-5AC272070D9C}.Debug|Any CPU.ActiveCfg = Debug|Any CPU
		{AA5A3DA4-7274-40E7-BEE9-5AC272070D9C}.Debug|Any CPU.Build.0 = Debug|Any CPU
		{AA5A3DA4-7274-40E7-BEE9-5AC272070D9C}.Release|Any CPU.ActiveCfg = Release|Any CPU
		{AA5A3DA4-7274-40E7-BEE9-5AC272070D9C}.Release|Any CPU.Build.0 = Release|Any CPU
		{B05FD955-8369-4644-8700-A14A345F37BC}.Debug|Any CPU.ActiveCfg = Debug|Any CPU
		{B05FD955-8369-4644-8700-A14A345F37BC}.Debug|Any CPU.Build.0 = Debug|Any CPU
		{B05FD955-8369-4644-8700-A14A345F37BC}.Release|Any CPU.ActiveCfg = Release|Any CPU
		{B05FD955-8369-4644-8700-A14A345F37BC}.Release|Any CPU.Build.0 = Release|Any CPU
	EndGlobalSection
	GlobalSection(SolutionProperties) = preSolution
		HideSolutionNode = FALSE
	EndGlobalSection
	GlobalSection(ExtensibilityGlobals) = postSolution
		SolutionGuid = {CF0561E0-4AA3-4E29-897F-2DE038F74616}
	EndGlobalSection
EndGlobal
